<?xml version="1.0" encoding="utf-8"?>
<Project ToolsVersion="4.0" xmlns="http://schemas.microsoft.com/developer/msbuild/2003">
  <ItemGroup>
    <Filter Include="Source Files">
      <UniqueIdentifier>{4FC737F1-C7A5-4376-A066-2A32D752A2FF}</UniqueIdentifier>
      <Extensions>cpp;c;cc;cxx;c++;cppm;ixx;def;odl;idl;hpj;bat;asm;asmx</Extensions>
    </Filter>
    <Filter Include="Header Files">
      <UniqueIdentifier>{93995380-89BD-4b04-88EB-625FBE52EBFB}</UniqueIdentifier>
      <Extensions>h;hh;hpp;hxx;h++;hm;inl;inc;ipp;xsd</Extensions>
    </Filter>
    <Filter Include="Resource Files">
      <UniqueIdentifier>{67DA6AB6-F800-4c08-8B7A-83BB121AAD01}</UniqueIdentifier>
      <Extensions>rc;ico;cur;bmp;dlg;rc2;rct;bin;rgs;gif;jpg;jpeg;jpe;resx;tiff;tif;png;wav;mfcribbon-ms</Extensions>
    </Filter>
  </ItemGroup>
  <ItemGroup>
    <ClCompile Include="glad.c">
      <Filter>Source Files</Filter>
    </ClCompile>
    <ClCompile Include="Scene\Scene.cpp">
      <Filter>Source Files</Filter>
    </ClCompile>
    <ClCompile Include="Renderer\UniformBuffer.cpp">
      <Filter>Source Files</Filter>
    </ClCompile>
    <ClCompile Include="Scene\Components\LightComponent.cpp">
      <Filter>Source Files</Filter>
    </ClCompile>
    <ClCompile Include="Scene\Components\MaterialComponent.cpp">
      <Filter>Source Files</Filter>
    </ClCompile>
    <ClCompile Include="Scene\Components\Texture.cpp">
      <Filter>Source Files</Filter>
    </ClCompile>
    <ClCompile Include="Scene\Components\TransformComponent.cpp">
      <Filter>Source Files</Filter>
    </ClCompile>
    <ClCompile Include="Scene\Line.cpp">
      <Filter>Source Files</Filter>
    </ClCompile>
    <ClCompile Include="Scene\Components\Renderable\CubeComponent.cpp">
      <Filter>Source Files</Filter>
    </ClCompile>
    <ClCompile Include="Scene\Components\Renderable\PlaneComponent.cpp">
      <Filter>Source Files</Filter>
    </ClCompile>
    <ClCompile Include="Scene\Components\Renderable\TriangleMeshComponent.cpp">
      <Filter>Source Files</Filter>
    </ClCompile>
    <ClCompile Include="Scene\Model.cpp">
      <Filter>Source Files</Filter>
    </ClCompile>
    <ClCompile Include="Source.cpp">
      <Filter>Source Files</Filter>
    </ClCompile>
    <ClCompile Include="Scene\Light.cpp">
      <Filter>Source Files</Filter>
    </ClCompile>
    <ClCompile Include="Scene\Components\Renderable\Renderable.cpp">
      <Filter>Source Files</Filter>
    </ClCompile>
  </ItemGroup>
  <ItemGroup>
    <ClInclude Include="vendor\includes\stb_image\stb_image.h">
      <Filter>Header Files</Filter>
    </ClInclude>
    <ClInclude Include="Scene\Camera.h">
      <Filter>Header Files</Filter>
    </ClInclude>
    <ClInclude Include="Scene\Line.h">
      <Filter>Header Files</Filter>
    </ClInclude>
    <ClInclude Include="utils.h">
      <Filter>Header Files</Filter>
    </ClInclude>
    <ClInclude Include="Scene\Model.h">
      <Filter>Header Files</Filter>
    </ClInclude>
    <ClInclude Include="Scene\Vertex.h">
      <Filter>Header Files</Filter>
    </ClInclude>
    <ClInclude Include="Scene\Scene.h">
      <Filter>Header Files</Filter>
    </ClInclude>
    <ClInclude Include="Scene\Components\MaterialComponent.h">
      <Filter>Header Files</Filter>
    </ClInclude>
    <ClInclude Include="Scene\Components\Texture.h">
      <Filter>Header Files</Filter>
    </ClInclude>
    <ClInclude Include="Scene\Components\TransformComponent.h">
      <Filter>Header Files</Filter>
    </ClInclude>
    <ClInclude Include="Renderer\UniformBuffer.h">
      <Filter>Header Files</Filter>
    </ClInclude>
    <ClInclude Include="Scene\Components\LightComponent.h">
      <Filter>Header Files</Filter>
    </ClInclude>
    <ClInclude Include="Renderer\Framebuffer.h">
      <Filter>Header Files</Filter>
    </ClInclude>
    <ClInclude Include="Renderer\Renderbuffer.h">
      <Filter>Header Files</Filter>
    </ClInclude>
    <ClInclude Include="Renderer\Renderer.h">
      <Filter>Header Files</Filter>
    </ClInclude>
    <ClInclude Include="Renderer\Shader.h">
      <Filter>Header Files</Filter>
    </ClInclude>
    <ClInclude Include="Scene\Components\TagComponent.h">
      <Filter>Header Files</Filter>
    </ClInclude>
    <ClInclude Include="Scene\Components\ModelComponent.h">
      <Filter>Header Files</Filter>
    </ClInclude>
    <ClInclude Include="Scene\Components\Renderable\CubeComponent.h">
      <Filter>Header Files</Filter>
    </ClInclude>
    <ClInclude Include="Scene\Components\Renderable\PlaneComponent.h">
      <Filter>Header Files</Filter>
    </ClInclude>
    <ClInclude Include="Scene\Components\Renderable\Renderable.h">
      <Filter>Header Files</Filter>
    </ClInclude>
    <ClInclude Include="Scene\Components\Renderable\TriangleMeshComponent.h">
      <Filter>Header Files</Filter>
    </ClInclude>
    <ClInclude Include="Renderer\IndexedVAO.h">
      <Filter>Header Files</Filter>
    </ClInclude>
    <ClInclude Include="Scene\Light.h">
      <Filter>Header Files</Filter>
    </ClInclude>
  </ItemGroup>
  <ItemGroup>
    <None Include="shaders\vertexShaders\position.vert" />
    <None Include="shaders\fragmentShaders\uniformColor.frag" />
    <None Include="shaders\vertexShaders\positionNormalTex.vert" />
    <None Include="README.md" />
    <None Include="shaders\fragmentShaders\objectLitByVariousLights.frag" />
    <None Include="shaders\fragmentShaders\texture2D.frag" />
    <None Include="shaders\vertexShaders\screen.vert" />
    <None Include="shaders\vertexShaders\skybox.vert" />
    <None Include="shaders\fragmentShaders\skybox.frag" />
    <None Include="shaders\fragmentShaders\skyboxMirror.frag" />
    <None Include="shaders\fragmentShaders\skyboxRefractor.frag" />
    <None Include="shaders\geometryShaders\explode.geom" />
    <None Include="ClassDiagram.cd" />
  </ItemGroup>
  <ItemGroup>
    <Image Include="textures\skybox\back.jpg">
      <Filter>Resource Files</Filter>
    </Image>
    <Image Include="textures\skybox\bottom.jpg">
      <Filter>Resource Files</Filter>
    </Image>
    <Image Include="textures\skybox\front.jpg">
      <Filter>Resource Files</Filter>
    </Image>
    <Image Include="textures\skybox\left.jpg">
      <Filter>Resource Files</Filter>
    </Image>
    <Image Include="textures\skybox\right.jpg">
      <Filter>Resource Files</Filter>
    </Image>
    <Image Include="textures\skybox\top.jpg">
      <Filter>Resource Files</Filter>
    </Image>
    <Image Include="textures\awesomeface.png">
      <Filter>Resource Files</Filter>
    </Image>
    <Image Include="textures\blending_transparent_window.png">
      <Filter>Resource Files</Filter>
    </Image>
    <Image Include="textures\container.jpg">
      <Filter>Resource Files</Filter>
    </Image>
    <Image Include="textures\container2.png">
      <Filter>Resource Files</Filter>
    </Image>
    <Image Include="textures\container2_specular.png">
      <Filter>Resource Files</Filter>
    </Image>
    <Image Include="textures\grass.png">
      <Filter>Resource Files</Filter>
    </Image>
    <Image Include="textures\matrix.jpg">
      <Filter>Resource Files</Filter>
    </Image>
    <Image Include="textures\wall.jpg">
      <Filter>Resource Files</Filter>
    </Image>
  </ItemGroup>
</Project>